
Microsoft Visual Studio Solution File, Format Version 12.00
# Visual Studio Version 16
VisualStudioVersion = 16.0.29709.97
MinimumVisualStudioVersion = 10.0.40219.1
Project("{FAE04EC0-301F-11D3-BF4B-00C04F79EFBC}") = "TinyCrm", "TinyCrm.csproj", "{EA4941C2-EB64-4643-93A5-90A9CA688D24}"
EndProject
Global
	GlobalSection(SolutionConfigurationPlatforms) = preSolution
		Debug|Any CPU = Debug|Any CPU
		Release|Any CPU = Release|Any CPU
	EndGlobalSection
	GlobalSection(ProjectConfigurationPlatforms) = postSolution
		{EA4941C2-EB64-4643-93A5-90A9CA688D24}.Debug|Any CPU.ActiveCfg = Debug|Any CPU
		{EA4941C2-EB64-4643-93A5-90A9CA688D24}.Debug|Any CPU.Build.0 = Debug|Any CPU
		{EA4941C2-EB64-4643-93A5-90A9CA688D24}.Release|Any CPU.ActiveCfg = Release|Any CPU
		{EA4941C2-EB64-4643-93A5-90A9CA688D24}.Release|Any CPU.Build.0 = Release|Any CPU
	EndGlobalSection
	GlobalSection(SolutionProperties) = preSolution
		HideSolutionNode = FALSE
	EndGlobalSection
	GlobalSection(ExtensibilityGlobals) = postSolution
		SolutionGuid = {EF3E1C3D-9557-448A-94C7-9D3FAF05F664}
	EndGlobalSection
EndGlobal
